// !$*UTF8*$!
{
	archiveVersion = 1;
	classes = {
	};
	objectVersion = 50;
	objects = {

/* Begin PBXBuildFile section */
		E9766E5825E3DB8A00827679 /* LoggingData.swift in Sources */ = {isa = PBXBuildFile; fileRef = E9766E5725E3DB8A00827679 /* LoggingData.swift */; };
		E97A77AC25E1C0F600E3AE98 /* AppDelegate.swift in Sources */ = {isa = PBXBuildFile; fileRef = E97A77AB25E1C0F600E3AE98 /* AppDelegate.swift */; };
		E97A77AE25E1C0F600E3AE98 /* SceneDelegate.swift in Sources */ = {isa = PBXBuildFile; fileRef = E97A77AD25E1C0F600E3AE98 /* SceneDelegate.swift */; };
		E97A77B025E1C0F600E3AE98 /* ViewController.swift in Sources */ = {isa = PBXBuildFile; fileRef = E97A77AF25E1C0F600E3AE98 /* ViewController.swift */; };
		E97A77B325E1C0F600E3AE98 /* Main.storyboard in Resources */ = {isa = PBXBuildFile; fileRef = E97A77B125E1C0F600E3AE98 /* Main.storyboard */; };
		E97A77B525E1C0F700E3AE98 /* Assets.xcassets in Resources */ = {isa = PBXBuildFile; fileRef = E97A77B425E1C0F700E3AE98 /* Assets.xcassets */; };
		E97A77B825E1C0F700E3AE98 /* LaunchScreen.storyboard in Resources */ = {isa = PBXBuildFile; fileRef = E97A77B625E1C0F700E3AE98 /* LaunchScreen.storyboard */; };
		E97A77C125E1DB0C00E3AE98 /* PaymentViewController.swift in Sources */ = {isa = PBXBuildFile; fileRef = E97A77C025E1DB0C00E3AE98 /* PaymentViewController.swift */; };
		E981222025E474EE0092AB7D /* PaymentListManager.swift in Sources */ = {isa = PBXBuildFile; fileRef = E981221F25E474EE0092AB7D /* PaymentListManager.swift */; };
		E981222325E48FDA0092AB7D /* ContentData.swift in Sources */ = {isa = PBXBuildFile; fileRef = E981222225E48FDA0092AB7D /* ContentData.swift */; };
/* End PBXBuildFile section */

/* Begin PBXFileReference section */
		E9766E5725E3DB8A00827679 /* LoggingData.swift */ = {isa = PBXFileReference; lastKnownFileType = sourcecode.swift; path = LoggingData.swift; sourceTree = "<group>"; };
		E97A77A825E1C0F600E3AE98 /* Payment List.app */ = {isa = PBXFileReference; explicitFileType = wrapper.application; includeInIndex = 0; path = "Payment List.app"; sourceTree = BUILT_PRODUCTS_DIR; };
		E97A77AB25E1C0F600E3AE98 /* AppDelegate.swift */ = {isa = PBXFileReference; lastKnownFileType = sourcecode.swift; path = AppDelegate.swift; sourceTree = "<group>"; };
		E97A77AD25E1C0F600E3AE98 /* SceneDelegate.swift */ = {isa = PBXFileReference; lastKnownFileType = sourcecode.swift; path = SceneDelegate.swift; sourceTree = "<group>"; };
		E97A77AF25E1C0F600E3AE98 /* ViewController.swift */ = {isa = PBXFileReference; lastKnownFileType = sourcecode.swift; path = ViewController.swift; sourceTree = "<group>"; };
		E97A77B225E1C0F600E3AE98 /* Base */ = {isa = PBXFileReference; lastKnownFileType = file.storyboard; name = Base; path = Base.lproj/Main.storyboard; sourceTree = "<group>"; };
		E97A77B425E1C0F700E3AE98 /* Assets.xcassets */ = {isa = PBXFileReference; lastKnownFileType = folder.assetcatalog; path = Assets.xcassets; sourceTree = "<group>"; };
		E97A77B725E1C0F700E3AE98 /* Base */ = {isa = PBXFileReference; lastKnownFileType = file.storyboard; name = Base; path = Base.lproj/LaunchScreen.storyboard; sourceTree = "<group>"; };
		E97A77B925E1C0F700E3AE98 /* Info.plist */ = {isa = PBXFileReference; lastKnownFileType = text.plist.xml; path = Info.plist; sourceTree = "<group>"; };
		E97A77C025E1DB0C00E3AE98 /* PaymentViewController.swift */ = {isa = PBXFileReference; lastKnownFileType = sourcecode.swift; path = PaymentViewController.swift; sourceTree = "<group>"; };
		E981221F25E474EE0092AB7D /* PaymentListManager.swift */ = {isa = PBXFileReference; lastKnownFileType = sourcecode.swift; path = PaymentListManager.swift; sourceTree = "<group>"; };
		E981222225E48FDA0092AB7D /* ContentData.swift */ = {isa = PBXFileReference; lastKnownFileType = sourcecode.swift; path = ContentData.swift; sourceTree = "<group>"; };
/* End PBXFileReference section */

/* Begin PBXFrameworksBuildPhase section */
		E97A77A525E1C0F600E3AE98 /* Frameworks */ = {
			isa = PBXFrameworksBuildPhase;
			buildActionMask = 2147483647;
			files = (
			);
			runOnlyForDeploymentPostprocessing = 0;
		};
/* End PBXFrameworksBuildPhase section */

/* Begin PBXGroup section */
		E9766E5B25E3DD2D00827679 /* Model */ = {
			isa = PBXGroup;
			children = (
				E981221F25E474EE0092AB7D /* PaymentListManager.swift */,
				E9766E5725E3DB8A00827679 /* LoggingData.swift */,
				E981222225E48FDA0092AB7D /* ContentData.swift */,
			);
			path = Model;
			sourceTree = "<group>";
		};
		E9766E5D25E3DDA000827679 /* Controller */ = {
			isa = PBXGroup;
			children = (
				E97A77AF25E1C0F600E3AE98 /* ViewController.swift */,
				E97A77C025E1DB0C00E3AE98 /* PaymentViewController.swift */,
			);
			path = Controller;
			sourceTree = "<group>";
		};
		E9766E5F25E3DDC100827679 /* View */ = {
			isa = PBXGroup;
			children = (
				E97A77B125E1C0F600E3AE98 /* Main.storyboard */,
			);
			path = View;
			sourceTree = "<group>";
		};
		E97A779F25E1C0F600E3AE98 = {
			isa = PBXGroup;
			children = (
				E97A77AA25E1C0F600E3AE98 /* Payment List */,
				E97A77A925E1C0F600E3AE98 /* Products */,
			);
			sourceTree = "<group>";
		};
		E97A77A925E1C0F600E3AE98 /* Products */ = {
			isa = PBXGroup;
			children = (
				E97A77A825E1C0F600E3AE98 /* Payment List.app */,
			);
			name = Products;
			sourceTree = "<group>";
		};
		E97A77AA25E1C0F600E3AE98 /* Payment List */ = {
			isa = PBXGroup;
			children = (
				E97A77AB25E1C0F600E3AE98 /* AppDelegate.swift */,
				E97A77AD25E1C0F600E3AE98 /* SceneDelegate.swift */,
				E9766E5B25E3DD2D00827679 /* Model */,
				E9766E5D25E3DDA000827679 /* Controller */,
				E9766E5F25E3DDC100827679 /* View */,
				E97A77B425E1C0F700E3AE98 /* Assets.xcassets */,
				E97A77B625E1C0F700E3AE98 /* LaunchScreen.storyboard */,
				E97A77B925E1C0F700E3AE98 /* Info.plist */,
			);
			path = "Payment List";
			sourceTree = "<group>";
		};
/* End PBXGroup section */

/* Begin PBXNativeTarget section */
		E97A77A725E1C0F600E3AE98 /* Payment List */ = {
			isa = PBXNativeTarget;
			buildConfigurationList = E97A77BC25E1C0F700E3AE98 /* Build configuration list for PBXNativeTarget "Payment List" */;
			buildPhases = (
				E97A77A425E1C0F600E3AE98 /* Sources */,
				E97A77A525E1C0F600E3AE98 /* Frameworks */,
				E97A77A625E1C0F600E3AE98 /* Resources */,
			);
			buildRules = (
			);
			dependencies = (
			);
			name = "Payment List";
			productName = "Payment List";
			productReference = E97A77A825E1C0F600E3AE98 /* Payment List.app */;
			productType = "com.apple.product-type.application";
		};
/* End PBXNativeTarget section */

/* Begin PBXProject section */
		E97A77A025E1C0F600E3AE98 /* Project object */ = {
			isa = PBXProject;
			attributes = {
				LastSwiftUpdateCheck = 1240;
				LastUpgradeCheck = 1240;
				TargetAttributes = {
					E97A77A725E1C0F600E3AE98 = {
						CreatedOnToolsVersion = 12.4;
					};
				};
			};
			buildConfigurationList = E97A77A325E1C0F600E3AE98 /* Build configuration list for PBXProject "Payment List" */;
			compatibilityVersion = "Xcode 9.3";
			developmentRegion = en;
			hasScannedForEncodings = 0;
			knownRegions = (
				en,
				Base,
			);
			mainGroup = E97A779F25E1C0F600E3AE98;
			productRefGroup = E97A77A925E1C0F600E3AE98 /* Products */;
			projectDirPath = "";
			projectRoot = "";
			targets = (
				E97A77A725E1C0F600E3AE98 /* Payment List */,
			);
		};
/* End PBXProject section */

/* Begin PBXResourcesBuildPhase section */
		E97A77A625E1C0F600E3AE98 /* Resources */ = {
			isa = PBXResourcesBuildPhase;
			buildActionMask = 2147483647;
			files = (
				E97A77B825E1C0F700E3AE98 /* LaunchScreen.storyboard in Resources */,
				E97A77B525E1C0F700E3AE98 /* Assets.xcassets in Resources */,
				E97A77B325E1C0F600E3AE98 /* Main.storyboard in Resources */,
			);
			runOnlyForDeploymentPostprocessing = 0;
		};
/* End PBXResourcesBuildPhase section */

/* Begin PBXSourcesBuildPhase section */
		E97A77A425E1C0F600E3AE98 /* Sources */ = {
			isa = PBXSourcesBuildPhase;
			buildActionMask = 2147483647;
			files = (
				E97A77B025E1C0F600E3AE98 /* ViewController.swift in Sources */,
				E97A77AC25E1C0F600E3AE98 /* AppDelegate.swift in Sources */,
				E97A77AE25E1C0F600E3AE98 /* SceneDelegate.swift in Sources */,
				E9766E5825E3DB8A00827679 /* LoggingData.swift in Sources */,
				E981222325E48FDA0092AB7D /* ContentData.swift in Sources */,
				E981222025E474EE0092AB7D /* PaymentListManager.swift in Sources */,
				E97A77C125E1DB0C00E3AE98 /* PaymentViewController.swift in Sources */,
			);
			runOnlyForDeploymentPostprocessing = 0;
		};
/* End PBXSourcesBuildPhase section */

/* Begin PBXVariantGroup section */
		E97A77B125E1C0F600E3AE98 /* Main.storyboard */ = {
			isa = PBXVariantGroup;
			children = (
				E97A77B225E1C0F600E3AE98 /* Base */,
			);
			name = Main.storyboard;
			sourceTree = "<group>";
		};
		E97A77B625E1C0F700E3AE98 /* LaunchScreen.storyboard */ = {
			isa = PBXVariantGroup;
			children = (
				E97A77B725E1C0F700E3AE98 /* Base */,
			);
			name = LaunchScreen.storyboard;
			sourceTree = "<group>";
		};
/* End PBXVariantGroup section */

/* Begin XCBuildConfiguration section */
		E97A77BA25E1C0F700E3AE98 /* Debug */ = {
			isa = XCBuildConfiguration;
			buildSettings = {
				ALWAYS_SEARCH_USER_PATHS = NO;
				CLANG_ANALYZER_NONNULL = YES;
				CLANG_ANALYZER_NUMBER_OBJECT_CONVERSION = YES_AGGRESSIVE;
				CLANG_CXX_LANGUAGE_STANDARD = "gnu++14";
				CLANG_CXX_LIBRARY = "libc++";
				CLANG_ENABLE_MODULES = YES;
				CLANG_ENABLE_OBJC_ARC = YES;
				CLANG_ENABLE_OBJC_WEAK = YES;
				CLANG_WARN_BLOCK_CAPTURE_AUTORELEASING = YES;
				CLANG_WARN_BOOL_CONVERSION = YES;
				CLANG_WARN_COMMA = YES;
				CLANG_WARN_CONSTANT_CONVERSION = YES;
				CLANG_WARN_DEPRECATED_OBJC_IMPLEMENTATIONS = YES;
				CLANG_WARN_DIRECT_OBJC_ISA_USAGE = YES_ERROR;
				CLANG_WARN_DOCUMENTATION_COMMENTS = YES;
				CLANG_WARN_EMPTY_BODY = YES;
				CLANG_WARN_ENUM_CONVERSION = YES;
				CLANG_WARN_INFINITE_RECURSION = YES;
				CLANG_WARN_INT_CONVERSION = YES;
				CLANG_WARN_NON_LITERAL_NULL_CONVERSION = YES;
				CLANG_WARN_OBJC_IMPLICIT_RETAIN_SELF = YES;
				CLANG_WARN_OBJC_LITERAL_CONVERSION = YES;
				CLANG_WARN_OBJC_ROOT_CLASS = YES_ERROR;
				CLANG_WARN_QUOTED_INCLUDE_IN_FRAMEWORK_HEADER = YES;
				CLANG_WARN_RANGE_LOOP_ANALYSIS = YES;
				CLANG_WARN_STRICT_PROTOTYPES = YES;
				CLANG_WARN_SUSPICIOUS_MOVE = YES;
				CLANG_WARN_UNGUARDED_AVAILABILITY = YES_AGGRESSIVE;
				CLANG_WARN_UNREACHABLE_CODE = YES;
				CLANG_WARN__DUPLICATE_METHOD_MATCH = YES;
				COPY_PHASE_STRIP = NO;
				DEBUG_INFORMATION_FORMAT = dwarf;
				ENABLE_STRICT_OBJC_MSGSEND = YES;
				ENABLE_TESTABILITY = YES;
				GCC_C_LANGUAGE_STANDARD = gnu11;
				GCC_DYNAMIC_NO_PIC = NO;
				GCC_NO_COMMON_BLOCKS = YES;
				GCC_OPTIMIZATION_LEVEL = 0;
				GCC_PREPROCESSOR_DEFINITIONS = (
					"DEBUG=1",
					"$(inherited)",
				);
				GCC_WARN_64_TO_32_BIT_CONVERSION = YES;
				GCC_WARN_ABOUT_RETURN_TYPE = YES_ERROR;
				GCC_WARN_UNDECLARED_SELECTOR = YES;
				GCC_WARN_UNINITIALIZED_AUTOS = YES_AGGRESSIVE;
				GCC_WARN_UNUSED_FUNCTION = YES;
				GCC_WARN_UNUSED_VARIABLE = YES;
				IPHONEOS_DEPLOYMENT_TARGET = 14.4;
				MTL_ENABLE_DEBUG_INFO = INCLUDE_SOURCE;
				MTL_FAST_MATH = YES;
				ONLY_ACTIVE_ARCH = YES;
				SDKROOT = iphoneos;
				SWIFT_ACTIVE_COMPILATION_CONDITIONS = DEBUG;
				SWIFT_OPTIMIZATION_LEVEL = "-Onone";
			};
			name = Debug;
		};
		E97A77BB25E1C0F700E3AE98 /* Release */ = {
			isa = XCBuildConfiguration;
			buildSettings = {
				ALWAYS_SEARCH_USER_PATHS = NO;
				CLANG_ANALYZER_NONNULL = YES;
				CLANG_ANALYZER_NUMBER_OBJECT_CONVERSION = YES_AGGRESSIVE;
				CLANG_CXX_LANGUAGE_STANDARD = "gnu++14";
				CLANG_CXX_LIBRARY = "libc++";
				CLANG_ENABLE_MODULES = YES;
				CLANG_ENABLE_OBJC_ARC = YES;
				CLANG_ENABLE_OBJC_WEAK = YES;
				CLANG_WARN_BLOCK_CAPTURE_AUTORELEASING = YES;
				CLANG_WARN_BOOL_CONVERSION = YES;
				CLANG_WARN_COMMA = YES;
				CLANG_WARN_CONSTANT_CONVERSION = YES;
				CLANG_WARN_DEPRECATED_OBJC_IMPLEMENTATIONS = YES;
				CLANG_WARN_DIRECT_OBJC_ISA_USAGE = YES_ERROR;
				CLANG_WARN_DOCUMENTATION_COMMENTS = YES;
				CLANG_WARN_EMPTY_BODY = YES;
				CLANG_WARN_ENUM_CONVERSION = YES;
				CLANG_WARN_INFINITE_RECURSION = YES;
				CLANG_WARN_INT_CONVERSION = YES;
				CLANG_WARN_NON_LITERAL_NULL_CONVERSION = YES;
				CLANG_WARN_OBJC_IMPLICIT_RETAIN_SELF = YES;
				CLANG_WARN_OBJC_LITERAL_CONVERSION = YES;
				CLANG_WARN_OBJC_ROOT_CLASS = YES_ERROR;
				CLANG_WARN_QUOTED_INCLUDE_IN_FRAMEWORK_HEADER = YES;
				CLANG_WARN_RANGE_LOOP_ANALYSIS = YES;
				CLANG_WARN_STRICT_PROTOTYPES = YES;
				CLANG_WARN_SUSPICIOUS_MOVE = YES;
				CLANG_WARN_UNGUARDED_AVAILABILITY = YES_AGGRESSIVE;
				CLANG_WARN_UNREACHABLE_CODE = YES;
				CLANG_WARN__DUPLICATE_METHOD_MATCH = YES;
				COPY_PHASE_STRIP = NO;
				DEBUG_INFORMATION_FORMAT = "dwarf-with-dsym";
				ENABLE_NS_ASSERTIONS = NO;
				ENABLE_STRICT_OBJC_MSGSEND = YES;
				GCC_C_LANGUAGE_STANDARD = gnu11;
				GCC_NO_COMMON_BLOCKS = YES;
				GCC_WARN_64_TO_32_BIT_CONVERSION = YES;
				GCC_WARN_ABOUT_RETURN_TYPE = YES_ERROR;
				GCC_WARN_UNDECLARED_SELECTOR = YES;
				GCC_WARN_UNINITIALIZED_AUTOS = YES_AGGRESSIVE;
				GCC_WARN_UNUSED_FUNCTION = YES;
				GCC_WARN_UNUSED_VARIABLE = YES;
				IPHONEOS_DEPLOYMENT_TARGET = 14.4;
				MTL_ENABLE_DEBUG_INFO = NO;
				MTL_FAST_MATH = YES;
				SDKROOT = iphoneos;
				SWIFT_COMPILATION_MODE = wholemodule;
				SWIFT_OPTIMIZATION_LEVEL = "-O";
				VALIDATE_PRODUCT = YES;
			};
			name = Release;
		};
		E97A77BD25E1C0F700E3AE98 /* Debug */ = {
			isa = XCBuildConfiguration;
			buildSettings = {
				ASSETCATALOG_COMPILER_APPICON_NAME = AppIcon;
				ASSETCATALOG_COMPILER_GLOBAL_ACCENT_COLOR_NAME = AccentColor;
				CODE_SIGN_STYLE = Automatic;
				DEVELOPMENT_TEAM = RYP5ZDTU4M;
				INFOPLIST_FILE = "Payment List/Info.plist";
				LD_RUNPATH_SEARCH_PATHS = (
					"$(inherited)",
					"@executable_path/Frameworks",
				);
				PRODUCT_BUNDLE_IDENTIFIER = "CoinToss.Payment-List";
				PRODUCT_NAME = "$(TARGET_NAME)";
				SWIFT_VERSION = 5.0;
				TARGETED_DEVICE_FAMILY = "1,2";
			};
			name = Debug;
		};
		E97A77BE25E1C0F700E3AE98 /* Release */ = {
			isa = XCBuildConfiguration;
			buildSettings = {
				ASSETCATALOG_COMPILER_APPICON_NAME = AppIcon;
				ASSETCATALOG_COMPILER_GLOBAL_ACCENT_COLOR_NAME = AccentColor;
				CODE_SIGN_STYLE = Automatic;
				DEVELOPMENT_TEAM = RYP5ZDTU4M;
				INFOPLIST_FILE = "Payment List/Info.plist";
				LD_RUNPATH_SEARCH_PATHS = (
					"$(inherited)",
					"@executable_path/Frameworks",
				);
				PRODUCT_BUNDLE_IDENTIFIER = "CoinToss.Payment-List";
				PRODUCT_NAME = "$(TARGET_NAME)";
				SWIFT_VERSION = 5.0;
				TARGETED_DEVICE_FAMILY = "1,2";
			};
			name = Release;
		};
/* End XCBuildConfiguration section */

/* Begin XCConfigurationList section */
		E97A77A325E1C0F600E3AE98 /* Build configuration list for PBXProject "Payment List" */ = {
			isa = XCConfigurationList;
			buildConfigurations = (
				E97A77BA25E1C0F700E3AE98 /* Debug */,
				E97A77BB25E1C0F700E3AE98 /* Release */,
			);
			defaultConfigurationIsVisible = 0;
			defaultConfigurationName = Release;
		};
		E97A77BC25E1C0F700E3AE98 /* Build configuration list for PBXNativeTarget "Payment List" */ = {
			isa = XCConfigurationList;
			buildConfigurations = (
				E97A77BD25E1C0F700E3AE98 /* Debug */,
				E97A77BE25E1C0F700E3AE98 /* Release */,
			);
			defaultConfigurationIsVisible = 0;
			defaultConfigurationName = Release;
		};
/* End XCConfigurationList section */
	};
	rootObject = E97A77A025E1C0F600E3AE98 /* Project object */;
}
